
Microsoft Visual Studio Solution File, Format Version 12.00
# Visual Studio Version 17
VisualStudioVersion = 17.6.33801.468
MinimumVisualStudioVersion = 10.0.40219.1
Project("{FAE04EC0-301F-11D3-BF4B-00C04F79EFBC}") = "WebApplication1", "WebApplication1\WebApplication1.csproj", "{7A67F498-3F23-4ED5-A6A3-6167C25DFB5C}"
EndProject
Global
	GlobalSection(SolutionConfigurationPlatforms) = preSolution
		Debug|Any CPU = Debug|Any CPU
		Release|Any CPU = Release|Any CPU
	EndGlobalSection
	GlobalSection(ProjectConfigurationPlatforms) = postSolution
		{7A67F498-3F23-4ED5-A6A3-6167C25DFB5C}.Debug|Any CPU.ActiveCfg = Debug|Any CPU
		{7A67F498-3F23-4ED5-A6A3-6167C25DFB5C}.Debug|Any CPU.Build.0 = Debug|Any CPU
		{7A67F498-3F23-4ED5-A6A3-6167C25DFB5C}.Release|Any CPU.ActiveCfg = Release|Any CPU
		{7A67F498-3F23-4ED5-A6A3-6167C25DFB5C}.Release|Any CPU.Build.0 = Release|Any CPU
	EndGlobalSection
	GlobalSection(SolutionProperties) = preSolution
		HideSolutionNode = FALSE
	EndGlobalSection
	GlobalSection(ExtensibilityGlobals) = postSolution
		SolutionGuid = {F38814E3-F27E-45A5-B167-09CE51FA6F8F}
	EndGlobalSection
EndGlobal
